// !$*UTF8*$!
{
	archiveVersion = 1;
	classes = {
	};
	objectVersion = 48;
	objects = {

/* Begin PBXBuildFile section */
		44430D8CAA387F56E486A460 /* Pods_NWMuseumAR.framework in Frameworks */ = {isa = PBXBuildFile; fileRef = CCCCFF4855AE209B0DF2CE63 /* Pods_NWMuseumAR.framework */; };
		840ADCCC202418D4004313A8 /* .gitkeep in Resources */ = {isa = PBXBuildFile; fileRef = 840ADCCB202418D4004313A8 /* .gitkeep */; };
		840ADCD020241904004313A8 /* .gitkeep in Resources */ = {isa = PBXBuildFile; fileRef = 840ADCCF20241904004313A8 /* .gitkeep */; };
		84402601202270B200AF5839 /* AppDelegate.swift in Sources */ = {isa = PBXBuildFile; fileRef = 84402600202270B200AF5839 /* AppDelegate.swift */; };
		84402603202270B200AF5839 /* art.scnassets in Resources */ = {isa = PBXBuildFile; fileRef = 84402602202270B200AF5839 /* art.scnassets */; };
		8440260A202270B200AF5839 /* Assets.xcassets in Resources */ = {isa = PBXBuildFile; fileRef = 84402609202270B200AF5839 /* Assets.xcassets */; };
		8440260D202270B200AF5839 /* LaunchScreen.storyboard in Resources */ = {isa = PBXBuildFile; fileRef = 8440260B202270B200AF5839 /* LaunchScreen.storyboard */; };
		845AA631207DD43C0096D9E3 /* OnboardingCell.swift in Sources */ = {isa = PBXBuildFile; fileRef = 845AA630207DD43C0096D9E3 /* OnboardingCell.swift */; };
		845AA633207DD4600096D9E3 /* OnboardingController.swift in Sources */ = {isa = PBXBuildFile; fileRef = 845AA632207DD4600096D9E3 /* OnboardingController.swift */; };
		8461B1F7202E31F100733885 /* ProgressViewController.swift in Sources */ = {isa = PBXBuildFile; fileRef = 8461B1F6202E31F100733885 /* ProgressViewController.swift */; };
		8468ECC420647B2D002C8723 /* Navigation.storyboard in Resources */ = {isa = PBXBuildFile; fileRef = 8468ECC320647B2D002C8723 /* Navigation.storyboard */; };
		847A2632207C703300D81192 /* PermissionService.swift in Sources */ = {isa = PBXBuildFile; fileRef = 847A2631207C703300D81192 /* PermissionService.swift */; };
		8489A84720362D5F00243C26 /* Progress.storyboard in Resources */ = {isa = PBXBuildFile; fileRef = 8489A84620362D5F00243C26 /* Progress.storyboard */; };
		848FBAAE20648F3D00E56D77 /* SCNVector3+Extensions.swift in Sources */ = {isa = PBXBuildFile; fileRef = 848FBAA220648F3D00E56D77 /* SCNVector3+Extensions.swift */; };
		848FBAAF20648F3D00E56D77 /* SceneLocationEstimate.swift in Sources */ = {isa = PBXBuildFile; fileRef = 848FBAA320648F3D00E56D77 /* SceneLocationEstimate.swift */; };
		848FBAB020648F3D00E56D77 /* SceneLocationEstimate+Extensions.swift in Sources */ = {isa = PBXBuildFile; fileRef = 848FBAA420648F3D00E56D77 /* SceneLocationEstimate+Extensions.swift */; };
		848FBAB120648F3D00E56D77 /* FloatingPoint+Radians.swift in Sources */ = {isa = PBXBuildFile; fileRef = 848FBAA520648F3D00E56D77 /* FloatingPoint+Radians.swift */; };
		848FBAB220648F3D00E56D77 /* LocationNode.swift in Sources */ = {isa = PBXBuildFile; fileRef = 848FBAA620648F3D00E56D77 /* LocationNode.swift */; };
		848FBAB320648F3D00E56D77 /* CGPoint+Extensions.swift in Sources */ = {isa = PBXBuildFile; fileRef = 848FBAA720648F3D00E56D77 /* CGPoint+Extensions.swift */; };
		848FBAB420648F3D00E56D77 /* CLLocation+Extensions.swift in Sources */ = {isa = PBXBuildFile; fileRef = 848FBAA820648F3D00E56D77 /* CLLocation+Extensions.swift */; };
		848FBAB520648F3D00E56D77 /* SceneLocationView.swift in Sources */ = {isa = PBXBuildFile; fileRef = 848FBAA920648F3D00E56D77 /* SceneLocationView.swift */; };
		848FBAB620648F3D00E56D77 /* LocationManager.swift in Sources */ = {isa = PBXBuildFile; fileRef = 848FBAAA20648F3D00E56D77 /* LocationManager.swift */; };
		848FBAB720648F3D00E56D77 /* SCNNode+Extensions.swift in Sources */ = {isa = PBXBuildFile; fileRef = 848FBAAC20648F3D00E56D77 /* SCNNode+Extensions.swift */; };
		848FBAB820648F3D00E56D77 /* LinkedList.swift in Sources */ = {isa = PBXBuildFile; fileRef = 848FBAAD20648F3D00E56D77 /* LinkedList.swift */; };
		848FBABA20648F4700E56D77 /* NavigationViewController.swift in Sources */ = {isa = PBXBuildFile; fileRef = 848FBAB920648F4700E56D77 /* NavigationViewController.swift */; };
		84B1FC96207C297400387E94 /* NWMuseumAR.xcdatamodeld in Sources */ = {isa = PBXBuildFile; fileRef = 84B1FC94207C297400387E94 /* NWMuseumAR.xcdatamodeld */; };
		84E8CFA2206DF9DB006B5FCB /* .gitkeep in Resources */ = {isa = PBXBuildFile; fileRef = 84E8CFA1206DF9DB006B5FCB /* .gitkeep */; };
		84E8CFA6206DFACE006B5FCB /* ARSceneViewController.swift in Sources */ = {isa = PBXBuildFile; fileRef = 84E8CFA5206DFACD006B5FCB /* ARSceneViewController.swift */; };
		84E8CFA8206DFED5006B5FCB /* StatusViewController.swift in Sources */ = {isa = PBXBuildFile; fileRef = 84E8CFA7206DFED5006B5FCB /* StatusViewController.swift */; };
		84F650D0207D7D020019D1F4 /* Artifact+Extension.swift in Sources */ = {isa = PBXBuildFile; fileRef = 84F650CF207D7D020019D1F4 /* Artifact+Extension.swift */; };
		84F650D3207D803D0019D1F4 /* SeedData.swift in Sources */ = {isa = PBXBuildFile; fileRef = 84F650D2207D803D0019D1F4 /* SeedData.swift */; };
		9EF7A1A1207DC30D00D126FD /* notebook.mp4 in Resources */ = {isa = PBXBuildFile; fileRef = 9EF7A19F207DC30C00D126FD /* notebook.mp4 */; };
		9EF7A1A2207DC30D00D126FD /* Fire.mp4 in Resources */ = {isa = PBXBuildFile; fileRef = 9EF7A1A0207DC30C00D126FD /* Fire.mp4 */; };
		D985EF372036D2B00072B377 /* ProgressCell.swift in Sources */ = {isa = PBXBuildFile; fileRef = D985EF362036D2B00072B377 /* ProgressCell.swift */; };
		DD044B28207C325400BF20FD /* spark.png in Resources */ = {isa = PBXBuildFile; fileRef = DD044B26207C325400BF20FD /* spark.png */; };
		DD044B29207C325400BF20FD /* Explosion.scnp in Resources */ = {isa = PBXBuildFile; fileRef = DD044B27207C325400BF20FD /* Explosion.scnp */; };
		DD9BA271207DE804008B826E /* OverlayView.swift in Sources */ = {isa = PBXBuildFile; fileRef = DD9BA270207DE804008B826E /* OverlayView.swift */; };
		DD9BA273207DE84C008B826E /* OverlayView.xib in Resources */ = {isa = PBXBuildFile; fileRef = DD9BA272207DE84C008B826E /* OverlayView.xib */; };
		FB608ED2204CD61000441AB6 /* SpriteKit.framework in Frameworks */ = {isa = PBXBuildFile; fileRef = FB608ED1204CD61000441AB6 /* SpriteKit.framework */; };
		FB608ED4204CD61700441AB6 /* MediaPlayer.framework in Frameworks */ = {isa = PBXBuildFile; fileRef = FB608ED3204CD61700441AB6 /* MediaPlayer.framework */; };
		FB608ED6204CD61D00441AB6 /* AudioToolbox.framework in Frameworks */ = {isa = PBXBuildFile; fileRef = FB608ED5204CD61D00441AB6 /* AudioToolbox.framework */; };
		FB608ED8204CD62300441AB6 /* OpenGLES.framework in Frameworks */ = {isa = PBXBuildFile; fileRef = FB608ED7204CD62300441AB6 /* OpenGLES.framework */; };
		FB608EDA204CD62900441AB6 /* CoreMedia.framework in Frameworks */ = {isa = PBXBuildFile; fileRef = FB608ED9204CD62900441AB6 /* CoreMedia.framework */; };
		FB608EDC204CD62F00441AB6 /* SceneKit.framework in Frameworks */ = {isa = PBXBuildFile; fileRef = FB608EDB204CD62F00441AB6 /* SceneKit.framework */; };
		FB608EDE204CD63900441AB6 /* SystemConfiguration.framework in Frameworks */ = {isa = PBXBuildFile; fileRef = FB608EDD204CD63900441AB6 /* SystemConfiguration.framework */; };
		FB608EE0204CD63E00441AB6 /* AVFoundation.framework in Frameworks */ = {isa = PBXBuildFile; fileRef = FB608EDF204CD63E00441AB6 /* AVFoundation.framework */; };
		FB608EE2204CD64700441AB6 /* CoreMotion.framework in Frameworks */ = {isa = PBXBuildFile; fileRef = FB608EE1204CD64700441AB6 /* CoreMotion.framework */; };
		FB608EE9204CDF3600441AB6 /* ARScene.storyboard in Resources */ = {isa = PBXBuildFile; fileRef = FB608EE8204CDF3600441AB6 /* ARScene.storyboard */; };
		FB608EED204CECCC00441AB6 /* Localizable.strings in Resources */ = {isa = PBXBuildFile; fileRef = FB608EEC204CECCC00441AB6 /* Localizable.strings */; };
/* End PBXBuildFile section */

/* Begin PBXFileReference section */
		4184AB7EBD446A16478DA598 /* Pods-NWMuseumAR.release.xcconfig */ = {isa = PBXFileReference; includeInIndex = 1; lastKnownFileType = text.xcconfig; name = "Pods-NWMuseumAR.release.xcconfig"; path = "Pods/Target Support Files/Pods-NWMuseumAR/Pods-NWMuseumAR.release.xcconfig"; sourceTree = "<group>"; };
		840ADCCB202418D4004313A8 /* .gitkeep */ = {isa = PBXFileReference; lastKnownFileType = text; path = .gitkeep; sourceTree = "<group>"; };
		840ADCCF20241904004313A8 /* .gitkeep */ = {isa = PBXFileReference; lastKnownFileType = text; path = .gitkeep; sourceTree = "<group>"; };
		844025FD202270B200AF5839 /* NWMuseumAR.app */ = {isa = PBXFileReference; explicitFileType = wrapper.application; includeInIndex = 0; path = NWMuseumAR.app; sourceTree = BUILT_PRODUCTS_DIR; };
		84402600202270B200AF5839 /* AppDelegate.swift */ = {isa = PBXFileReference; lastKnownFileType = sourcecode.swift; path = AppDelegate.swift; sourceTree = "<group>"; };
		84402602202270B200AF5839 /* art.scnassets */ = {isa = PBXFileReference; lastKnownFileType = wrapper.scnassets; path = art.scnassets; sourceTree = "<group>"; };
		84402609202270B200AF5839 /* Assets.xcassets */ = {isa = PBXFileReference; lastKnownFileType = folder.assetcatalog; path = Assets.xcassets; sourceTree = "<group>"; };
		8440260C202270B200AF5839 /* Base */ = {isa = PBXFileReference; lastKnownFileType = file.storyboard; name = Base; path = Base.lproj/LaunchScreen.storyboard; sourceTree = "<group>"; };
		8440260E202270B200AF5839 /* Info.plist */ = {isa = PBXFileReference; lastKnownFileType = text.plist.xml; path = Info.plist; sourceTree = "<group>"; };
		845AA630207DD43C0096D9E3 /* OnboardingCell.swift */ = {isa = PBXFileReference; lastKnownFileType = sourcecode.swift; path = OnboardingCell.swift; sourceTree = "<group>"; };
		845AA632207DD4600096D9E3 /* OnboardingController.swift */ = {isa = PBXFileReference; lastKnownFileType = sourcecode.swift; path = OnboardingController.swift; sourceTree = "<group>"; };
		8461B1F6202E31F100733885 /* ProgressViewController.swift */ = {isa = PBXFileReference; lastKnownFileType = sourcecode.swift; path = ProgressViewController.swift; sourceTree = "<group>"; };
		8468ECC320647B2D002C8723 /* Navigation.storyboard */ = {isa = PBXFileReference; lastKnownFileType = file.storyboard; path = Navigation.storyboard; sourceTree = "<group>"; };
		847A2631207C703300D81192 /* PermissionService.swift */ = {isa = PBXFileReference; lastKnownFileType = sourcecode.swift; path = PermissionService.swift; sourceTree = "<group>"; };
		8489A84620362D5F00243C26 /* Progress.storyboard */ = {isa = PBXFileReference; fileEncoding = 4; lastKnownFileType = file.storyboard; path = Progress.storyboard; sourceTree = "<group>"; };
		848FBAA220648F3D00E56D77 /* SCNVector3+Extensions.swift */ = {isa = PBXFileReference; fileEncoding = 4; lastKnownFileType = sourcecode.swift; path = "SCNVector3+Extensions.swift"; sourceTree = "<group>"; };
		848FBAA320648F3D00E56D77 /* SceneLocationEstimate.swift */ = {isa = PBXFileReference; fileEncoding = 4; lastKnownFileType = sourcecode.swift; path = SceneLocationEstimate.swift; sourceTree = "<group>"; };
		848FBAA420648F3D00E56D77 /* SceneLocationEstimate+Extensions.swift */ = {isa = PBXFileReference; fileEncoding = 4; lastKnownFileType = sourcecode.swift; path = "SceneLocationEstimate+Extensions.swift"; sourceTree = "<group>"; };
		848FBAA520648F3D00E56D77 /* FloatingPoint+Radians.swift */ = {isa = PBXFileReference; fileEncoding = 4; lastKnownFileType = sourcecode.swift; path = "FloatingPoint+Radians.swift"; sourceTree = "<group>"; };
		848FBAA620648F3D00E56D77 /* LocationNode.swift */ = {isa = PBXFileReference; fileEncoding = 4; lastKnownFileType = sourcecode.swift; path = LocationNode.swift; sourceTree = "<group>"; };
		848FBAA720648F3D00E56D77 /* CGPoint+Extensions.swift */ = {isa = PBXFileReference; fileEncoding = 4; lastKnownFileType = sourcecode.swift; path = "CGPoint+Extensions.swift"; sourceTree = "<group>"; };
		848FBAA820648F3D00E56D77 /* CLLocation+Extensions.swift */ = {isa = PBXFileReference; fileEncoding = 4; lastKnownFileType = sourcecode.swift; path = "CLLocation+Extensions.swift"; sourceTree = "<group>"; };
		848FBAA920648F3D00E56D77 /* SceneLocationView.swift */ = {isa = PBXFileReference; fileEncoding = 4; lastKnownFileType = sourcecode.swift; path = SceneLocationView.swift; sourceTree = "<group>"; };
		848FBAAA20648F3D00E56D77 /* LocationManager.swift */ = {isa = PBXFileReference; fileEncoding = 4; lastKnownFileType = sourcecode.swift; path = LocationManager.swift; sourceTree = "<group>"; };
		848FBAAB20648F3D00E56D77 /* Queue.playground */ = {isa = PBXFileReference; lastKnownFileType = file.playground; path = Queue.playground; sourceTree = "<group>"; xcLanguageSpecificationIdentifier = xcode.lang.swift; };
		848FBAAC20648F3D00E56D77 /* SCNNode+Extensions.swift */ = {isa = PBXFileReference; fileEncoding = 4; lastKnownFileType = sourcecode.swift; path = "SCNNode+Extensions.swift"; sourceTree = "<group>"; };
		848FBAAD20648F3D00E56D77 /* LinkedList.swift */ = {isa = PBXFileReference; fileEncoding = 4; lastKnownFileType = sourcecode.swift; path = LinkedList.swift; sourceTree = "<group>"; };
		848FBAB920648F4700E56D77 /* NavigationViewController.swift */ = {isa = PBXFileReference; fileEncoding = 4; lastKnownFileType = sourcecode.swift; path = NavigationViewController.swift; sourceTree = "<group>"; };
		84B1FC95207C297400387E94 /* NWMuseumAR.xcdatamodel */ = {isa = PBXFileReference; lastKnownFileType = wrapper.xcdatamodel; path = NWMuseumAR.xcdatamodel; sourceTree = "<group>"; };
		84E8CFA1206DF9DB006B5FCB /* .gitkeep */ = {isa = PBXFileReference; lastKnownFileType = text; path = .gitkeep; sourceTree = "<group>"; };
		84E8CFA5206DFACD006B5FCB /* ARSceneViewController.swift */ = {isa = PBXFileReference; lastKnownFileType = sourcecode.swift; path = ARSceneViewController.swift; sourceTree = "<group>"; };
		84E8CFA7206DFED5006B5FCB /* StatusViewController.swift */ = {isa = PBXFileReference; fileEncoding = 4; lastKnownFileType = sourcecode.swift; path = StatusViewController.swift; sourceTree = "<group>"; };
		84F650CF207D7D020019D1F4 /* Artifact+Extension.swift */ = {isa = PBXFileReference; lastKnownFileType = sourcecode.swift; path = "Artifact+Extension.swift"; sourceTree = "<group>"; };
		84F650D2207D803D0019D1F4 /* SeedData.swift */ = {isa = PBXFileReference; lastKnownFileType = sourcecode.swift; path = SeedData.swift; sourceTree = "<group>"; };
		9EF7A19F207DC30C00D126FD /* notebook.mp4 */ = {isa = PBXFileReference; lastKnownFileType = file; path = notebook.mp4; sourceTree = "<group>"; };
		9EF7A1A0207DC30C00D126FD /* Fire.mp4 */ = {isa = PBXFileReference; lastKnownFileType = file; path = Fire.mp4; sourceTree = "<group>"; };
		BBBE01153F70E483ABFCA655 /* Pods-NWMuseumAR.debug.xcconfig */ = {isa = PBXFileReference; includeInIndex = 1; lastKnownFileType = text.xcconfig; name = "Pods-NWMuseumAR.debug.xcconfig"; path = "Pods/Target Support Files/Pods-NWMuseumAR/Pods-NWMuseumAR.debug.xcconfig"; sourceTree = "<group>"; };
		CCCCFF4855AE209B0DF2CE63 /* Pods_NWMuseumAR.framework */ = {isa = PBXFileReference; explicitFileType = wrapper.framework; includeInIndex = 0; path = Pods_NWMuseumAR.framework; sourceTree = BUILT_PRODUCTS_DIR; };
		D985EF362036D2B00072B377 /* ProgressCell.swift */ = {isa = PBXFileReference; lastKnownFileType = sourcecode.swift; path = ProgressCell.swift; sourceTree = "<group>"; };
		DD044B26207C325400BF20FD /* spark.png */ = {isa = PBXFileReference; lastKnownFileType = image.png; path = spark.png; sourceTree = "<group>"; };
		DD044B27207C325400BF20FD /* Explosion.scnp */ = {isa = PBXFileReference; lastKnownFileType = file.scp; path = Explosion.scnp; sourceTree = "<group>"; };
		DD9BA270207DE804008B826E /* OverlayView.swift */ = {isa = PBXFileReference; lastKnownFileType = sourcecode.swift; path = OverlayView.swift; sourceTree = "<group>"; };
		DD9BA272207DE84C008B826E /* OverlayView.xib */ = {isa = PBXFileReference; lastKnownFileType = file.xib; path = OverlayView.xib; sourceTree = "<group>"; };
		FB608ED1204CD61000441AB6 /* SpriteKit.framework */ = {isa = PBXFileReference; lastKnownFileType = wrapper.framework; name = SpriteKit.framework; path = System/Library/Frameworks/SpriteKit.framework; sourceTree = SDKROOT; };
		FB608ED3204CD61700441AB6 /* MediaPlayer.framework */ = {isa = PBXFileReference; lastKnownFileType = wrapper.framework; name = MediaPlayer.framework; path = System/Library/Frameworks/MediaPlayer.framework; sourceTree = SDKROOT; };
		FB608ED5204CD61D00441AB6 /* AudioToolbox.framework */ = {isa = PBXFileReference; lastKnownFileType = wrapper.framework; name = AudioToolbox.framework; path = System/Library/Frameworks/AudioToolbox.framework; sourceTree = SDKROOT; };
		FB608ED7204CD62300441AB6 /* OpenGLES.framework */ = {isa = PBXFileReference; lastKnownFileType = wrapper.framework; name = OpenGLES.framework; path = System/Library/Frameworks/OpenGLES.framework; sourceTree = SDKROOT; };
		FB608ED9204CD62900441AB6 /* CoreMedia.framework */ = {isa = PBXFileReference; lastKnownFileType = wrapper.framework; name = CoreMedia.framework; path = System/Library/Frameworks/CoreMedia.framework; sourceTree = SDKROOT; };
		FB608EDB204CD62F00441AB6 /* SceneKit.framework */ = {isa = PBXFileReference; lastKnownFileType = wrapper.framework; name = SceneKit.framework; path = System/Library/Frameworks/SceneKit.framework; sourceTree = SDKROOT; };
		FB608EDD204CD63900441AB6 /* SystemConfiguration.framework */ = {isa = PBXFileReference; lastKnownFileType = wrapper.framework; name = SystemConfiguration.framework; path = System/Library/Frameworks/SystemConfiguration.framework; sourceTree = SDKROOT; };
		FB608EDF204CD63E00441AB6 /* AVFoundation.framework */ = {isa = PBXFileReference; lastKnownFileType = wrapper.framework; name = AVFoundation.framework; path = System/Library/Frameworks/AVFoundation.framework; sourceTree = SDKROOT; };
		FB608EE1204CD64700441AB6 /* CoreMotion.framework */ = {isa = PBXFileReference; lastKnownFileType = wrapper.framework; name = CoreMotion.framework; path = System/Library/Frameworks/CoreMotion.framework; sourceTree = SDKROOT; };
		FB608EE8204CDF3600441AB6 /* ARScene.storyboard */ = {isa = PBXFileReference; fileEncoding = 4; lastKnownFileType = file.storyboard; path = ARScene.storyboard; sourceTree = "<group>"; };
		FB608EEC204CECCC00441AB6 /* Localizable.strings */ = {isa = PBXFileReference; fileEncoding = 4; lastKnownFileType = text.plist.strings; path = Localizable.strings; sourceTree = "<group>"; };
/* End PBXFileReference section */

/* Begin PBXFrameworksBuildPhase section */
		844025FA202270B200AF5839 /* Frameworks */ = {
			isa = PBXFrameworksBuildPhase;
			buildActionMask = 2147483647;
			files = (
				FB608EE2204CD64700441AB6 /* CoreMotion.framework in Frameworks */,
				FB608EE0204CD63E00441AB6 /* AVFoundation.framework in Frameworks */,
				FB608EDE204CD63900441AB6 /* SystemConfiguration.framework in Frameworks */,
				FB608EDC204CD62F00441AB6 /* SceneKit.framework in Frameworks */,
				FB608EDA204CD62900441AB6 /* CoreMedia.framework in Frameworks */,
				FB608ED8204CD62300441AB6 /* OpenGLES.framework in Frameworks */,
				FB608ED6204CD61D00441AB6 /* AudioToolbox.framework in Frameworks */,
				FB608ED4204CD61700441AB6 /* MediaPlayer.framework in Frameworks */,
				FB608ED2204CD61000441AB6 /* SpriteKit.framework in Frameworks */,
				44430D8CAA387F56E486A460 /* Pods_NWMuseumAR.framework in Frameworks */,
			);
			runOnlyForDeploymentPostprocessing = 0;
		};
/* End PBXFrameworksBuildPhase section */

/* Begin PBXGroup section */
		026ACEBEC1F8A8ED2A5FE637 /* Pods */ = {
			isa = PBXGroup;
			children = (
				BBBE01153F70E483ABFCA655 /* Pods-NWMuseumAR.debug.xcconfig */,
				4184AB7EBD446A16478DA598 /* Pods-NWMuseumAR.release.xcconfig */,
			);
			name = Pods;
			sourceTree = "<group>";
		};
		844025F4202270B200AF5839 = {
			isa = PBXGroup;
			children = (
				844025FF202270B200AF5839 /* NWMuseumAR */,
				844025FE202270B200AF5839 /* Products */,
				026ACEBEC1F8A8ED2A5FE637 /* Pods */,
				F3FFC83AFF7BF4C90D43A0FE /* Frameworks */,
			);
			sourceTree = "<group>";
		};
		844025FE202270B200AF5839 /* Products */ = {
			isa = PBXGroup;
			children = (
				844025FD202270B200AF5839 /* NWMuseumAR.app */,
			);
			name = Products;
			sourceTree = "<group>";
		};
		844025FF202270B200AF5839 /* NWMuseumAR */ = {
			isa = PBXGroup;
			children = (
				9EF7A19E207DC2AA00D126FD /* Videos */,
				DD044B21207C30E400BF20FD /* Particles */,
				848FBAA120648F3D00E56D77 /* Source */,
				844026162022710900AF5839 /* Models */,
				844026182022711B00AF5839 /* Controllers */,
				844026172022711300AF5839 /* Views */,
				844026192022712000AF5839 /* Libs */,
				8440261A2022712600AF5839 /* Scripts */,
				84402602202270B200AF5839 /* art.scnassets */,
				84402609202270B200AF5839 /* Assets.xcassets */,
				8440260E202270B200AF5839 /* Info.plist */,
				FB608EEC204CECCC00441AB6 /* Localizable.strings */,
			);
			path = NWMuseumAR;
			sourceTree = "<group>";
		};
		844026162022710900AF5839 /* Models */ = {
			isa = PBXGroup;
			children = (
				840ADCCB202418D4004313A8 /* .gitkeep */,
				84B1FC94207C297400387E94 /* NWMuseumAR.xcdatamodeld */,
				84F650CF207D7D020019D1F4 /* Artifact+Extension.swift */,
				84F650D2207D803D0019D1F4 /* SeedData.swift */,
			);
			path = Models;
			sourceTree = "<group>";
		};
		844026172022711300AF5839 /* Views */ = {
			isa = PBXGroup;
			children = (
				FB608EE8204CDF3600441AB6 /* ARScene.storyboard */,
				8489A84620362D5F00243C26 /* Progress.storyboard */,
				8440260B202270B200AF5839 /* LaunchScreen.storyboard */,
				8468ECC320647B2D002C8723 /* Navigation.storyboard */,
				DD9BA272207DE84C008B826E /* OverlayView.xib */,
			);
			path = Views;
			sourceTree = "<group>";
		};
		844026182022711B00AF5839 /* Controllers */ = {
			isa = PBXGroup;
			children = (
				84402600202270B200AF5839 /* AppDelegate.swift */,
				84AF700320642A99003B3FDF /* Navigation */,
				8489A84E2036346F00243C26 /* Progress */,
				8489A84D2036345900243C26 /* AR */,
				845AA61F207DC7320096D9E3 /* Tutorial */,
			);
			path = Controllers;
			sourceTree = "<group>";
		};
		844026192022712000AF5839 /* Libs */ = {
			isa = PBXGroup;
			children = (
				84E8CFA1206DF9DB006B5FCB /* .gitkeep */,
			);
			path = Libs;
			sourceTree = "<group>";
		};
		8440261A2022712600AF5839 /* Scripts */ = {
			isa = PBXGroup;
			children = (
				840ADCCF20241904004313A8 /* .gitkeep */,
			);
			path = Scripts;
			sourceTree = "<group>";
		};
		845AA61F207DC7320096D9E3 /* Tutorial */ = {
			isa = PBXGroup;
			children = (
				845AA630207DD43C0096D9E3 /* OnboardingCell.swift */,
				845AA632207DD4600096D9E3 /* OnboardingController.swift */,
			);
			path = Tutorial;
			sourceTree = "<group>";
		};
		8489A84D2036345900243C26 /* AR */ = {
			isa = PBXGroup;
			children = (
				84E8CFA7206DFED5006B5FCB /* StatusViewController.swift */,
				84E8CFA5206DFACD006B5FCB /* ARSceneViewController.swift */,
				DD9BA270207DE804008B826E /* OverlayView.swift */,
			);
			path = AR;
			sourceTree = "<group>";
		};
		8489A84E2036346F00243C26 /* Progress */ = {
			isa = PBXGroup;
			children = (
				8461B1F6202E31F100733885 /* ProgressViewController.swift */,
				D985EF362036D2B00072B377 /* ProgressCell.swift */,
			);
			path = Progress;
			sourceTree = "<group>";
		};
		848FBAA120648F3D00E56D77 /* Source */ = {
			isa = PBXGroup;
			children = (
				848FBAA220648F3D00E56D77 /* SCNVector3+Extensions.swift */,
				848FBAA320648F3D00E56D77 /* SceneLocationEstimate.swift */,
				848FBAA420648F3D00E56D77 /* SceneLocationEstimate+Extensions.swift */,
				848FBAA520648F3D00E56D77 /* FloatingPoint+Radians.swift */,
				848FBAA620648F3D00E56D77 /* LocationNode.swift */,
				848FBAA720648F3D00E56D77 /* CGPoint+Extensions.swift */,
				848FBAA820648F3D00E56D77 /* CLLocation+Extensions.swift */,
				848FBAA920648F3D00E56D77 /* SceneLocationView.swift */,
				848FBAAA20648F3D00E56D77 /* LocationManager.swift */,
				848FBAAB20648F3D00E56D77 /* Queue.playground */,
				848FBAAC20648F3D00E56D77 /* SCNNode+Extensions.swift */,
				848FBAAD20648F3D00E56D77 /* LinkedList.swift */,
				847A2631207C703300D81192 /* PermissionService.swift */,
			);
			path = Source;
			sourceTree = "<group>";
		};
		84AF700320642A99003B3FDF /* Navigation */ = {
			isa = PBXGroup;
			children = (
				848FBAB920648F4700E56D77 /* NavigationViewController.swift */,
			);
			path = Navigation;
			sourceTree = "<group>";
		};
		9EF7A19E207DC2AA00D126FD /* Videos */ = {
			isa = PBXGroup;
			children = (
				9EF7A1A0207DC30C00D126FD /* Fire.mp4 */,
				9EF7A19F207DC30C00D126FD /* notebook.mp4 */,
			);
			path = Videos;
			sourceTree = "<group>";
		};
		DD044B21207C30E400BF20FD /* Particles */ = {
			isa = PBXGroup;
			children = (
				DD044B26207C325400BF20FD /* spark.png */,
				DD044B27207C325400BF20FD /* Explosion.scnp */,
			);
			path = Particles;
			sourceTree = "<group>";
		};
		F3FFC83AFF7BF4C90D43A0FE /* Frameworks */ = {
			isa = PBXGroup;
			children = (
				FB608EE1204CD64700441AB6 /* CoreMotion.framework */,
				FB608EDF204CD63E00441AB6 /* AVFoundation.framework */,
				FB608EDD204CD63900441AB6 /* SystemConfiguration.framework */,
				FB608EDB204CD62F00441AB6 /* SceneKit.framework */,
				FB608ED9204CD62900441AB6 /* CoreMedia.framework */,
				FB608ED7204CD62300441AB6 /* OpenGLES.framework */,
				FB608ED5204CD61D00441AB6 /* AudioToolbox.framework */,
				FB608ED3204CD61700441AB6 /* MediaPlayer.framework */,
				FB608ED1204CD61000441AB6 /* SpriteKit.framework */,
				CCCCFF4855AE209B0DF2CE63 /* Pods_NWMuseumAR.framework */,
			);
			name = Frameworks;
			sourceTree = "<group>";
		};
/* End PBXGroup section */

/* Begin PBXNativeTarget section */
		844025FC202270B200AF5839 /* NWMuseumAR */ = {
			isa = PBXNativeTarget;
			buildConfigurationList = 84402611202270B200AF5839 /* Build configuration list for PBXNativeTarget "NWMuseumAR" */;
			buildPhases = (
				85A32E4ACF4255E4AFC57C4E /* [CP] Check Pods Manifest.lock */,
				844025F9202270B200AF5839 /* Sources */,
				844025FA202270B200AF5839 /* Frameworks */,
				844025FB202270B200AF5839 /* Resources */,
				1585A0536385A0EA612E6DD7 /* [CP] Embed Pods Frameworks */,
				580F0AA9EFC02DC50C9ADD71 /* [CP] Copy Pods Resources */,
			);
			buildRules = (
			);
			dependencies = (
			);
			name = NWMuseumAR;
			productName = NWMuseumAR;
			productReference = 844025FD202270B200AF5839 /* NWMuseumAR.app */;
			productType = "com.apple.product-type.application";
		};
/* End PBXNativeTarget section */

/* Begin PBXProject section */
		844025F5202270B200AF5839 /* Project object */ = {
			isa = PBXProject;
			attributes = {
				KnownAssetTags = (
					0,
				);
				LastSwiftUpdateCheck = 0920;
				LastUpgradeCheck = 0930;
				ORGANIZATIONNAME = NWMuseumAR;
				TargetAttributes = {
					844025FC202270B200AF5839 = {
						CreatedOnToolsVersion = 9.2;
						ProvisioningStyle = Automatic;
					};
				};
			};
			buildConfigurationList = 844025F8202270B200AF5839 /* Build configuration list for PBXProject "NWMuseumAR" */;
			compatibilityVersion = "Xcode 8.0";
			developmentRegion = en;
			hasScannedForEncodings = 0;
			knownRegions = (
				en,
				Base,
			);
			mainGroup = 844025F4202270B200AF5839;
			productRefGroup = 844025FE202270B200AF5839 /* Products */;
			projectDirPath = "";
			projectRoot = "";
			targets = (
				844025FC202270B200AF5839 /* NWMuseumAR */,
			);
		};
/* End PBXProject section */

/* Begin PBXResourcesBuildPhase section */
		844025FB202270B200AF5839 /* Resources */ = {
			isa = PBXResourcesBuildPhase;
			buildActionMask = 2147483647;
			files = (
				9EF7A1A1207DC30D00D126FD /* notebook.mp4 in Resources */,
				84402603202270B200AF5839 /* art.scnassets in Resources */,
				FB608EE9204CDF3600441AB6 /* ARScene.storyboard in Resources */,
				8440260D202270B200AF5839 /* LaunchScreen.storyboard in Resources */,
				FB608EED204CECCC00441AB6 /* Localizable.strings in Resources */,
				840ADCCC202418D4004313A8 /* .gitkeep in Resources */,
				DD044B28207C325400BF20FD /* spark.png in Resources */,
				DD9BA273207DE84C008B826E /* OverlayView.xib in Resources */,
				8468ECC420647B2D002C8723 /* Navigation.storyboard in Resources */,
				8440260A202270B200AF5839 /* Assets.xcassets in Resources */,
				8489A84720362D5F00243C26 /* Progress.storyboard in Resources */,
				840ADCD020241904004313A8 /* .gitkeep in Resources */,
				84E8CFA2206DF9DB006B5FCB /* .gitkeep in Resources */,
				DD044B29207C325400BF20FD /* Explosion.scnp in Resources */,
				9EF7A1A2207DC30D00D126FD /* Fire.mp4 in Resources */,
			);
			runOnlyForDeploymentPostprocessing = 0;
		};
/* End PBXResourcesBuildPhase section */

/* Begin PBXShellScriptBuildPhase section */
		1585A0536385A0EA612E6DD7 /* [CP] Embed Pods Frameworks */ = {
			isa = PBXShellScriptBuildPhase;
			buildActionMask = 2147483647;
			files = (
			);
			inputPaths = (
				"${SRCROOT}/Pods/Target Support Files/Pods-NWMuseumAR/Pods-NWMuseumAR-frameworks.sh",
				"${BUILT_PRODUCTS_DIR}/ARCL/ARCL.framework",
				"${BUILT_PRODUCTS_DIR}/Alamofire/Alamofire.framework",
				"${BUILT_PRODUCTS_DIR}/CocoaLumberjack/CocoaLumberjack.framework",
			);
			name = "[CP] Embed Pods Frameworks";
			outputPaths = (
				"${TARGET_BUILD_DIR}/${FRAMEWORKS_FOLDER_PATH}/ARCL.framework",
				"${TARGET_BUILD_DIR}/${FRAMEWORKS_FOLDER_PATH}/Alamofire.framework",
				"${TARGET_BUILD_DIR}/${FRAMEWORKS_FOLDER_PATH}/CocoaLumberjack.framework",
			);
			runOnlyForDeploymentPostprocessing = 0;
			shellPath = /bin/sh;
			shellScript = "\"${SRCROOT}/Pods/Target Support Files/Pods-NWMuseumAR/Pods-NWMuseumAR-frameworks.sh\"\n";
			showEnvVarsInLog = 0;
		};
		580F0AA9EFC02DC50C9ADD71 /* [CP] Copy Pods Resources */ = {
			isa = PBXShellScriptBuildPhase;
			buildActionMask = 2147483647;
			files = (
			);
			inputPaths = (
			);
			name = "[CP] Copy Pods Resources";
			outputPaths = (
			);
			runOnlyForDeploymentPostprocessing = 0;
			shellPath = /bin/sh;
			shellScript = "\"${SRCROOT}/Pods/Target Support Files/Pods-NWMuseumAR/Pods-NWMuseumAR-resources.sh\"\n";
			showEnvVarsInLog = 0;
		};
		85A32E4ACF4255E4AFC57C4E /* [CP] Check Pods Manifest.lock */ = {
			isa = PBXShellScriptBuildPhase;
			buildActionMask = 2147483647;
			files = (
			);
			inputPaths = (
				"${PODS_PODFILE_DIR_PATH}/Podfile.lock",
				"${PODS_ROOT}/Manifest.lock",
			);
			name = "[CP] Check Pods Manifest.lock";
			outputPaths = (
				"$(DERIVED_FILE_DIR)/Pods-NWMuseumAR-checkManifestLockResult.txt",
			);
			runOnlyForDeploymentPostprocessing = 0;
			shellPath = /bin/sh;
			shellScript = "diff \"${PODS_PODFILE_DIR_PATH}/Podfile.lock\" \"${PODS_ROOT}/Manifest.lock\" > /dev/null\nif [ $? != 0 ] ; then\n    # print error to STDERR\n    echo \"error: The sandbox is not in sync with the Podfile.lock. Run 'pod install' or update your CocoaPods installation.\" >&2\n    exit 1\nfi\n# This output is used by Xcode 'outputs' to avoid re-running this script phase.\necho \"SUCCESS\" > \"${SCRIPT_OUTPUT_FILE_0}\"\n";
			showEnvVarsInLog = 0;
		};
/* End PBXShellScriptBuildPhase section */

/* Begin PBXSourcesBuildPhase section */
		844025F9202270B200AF5839 /* Sources */ = {
			isa = PBXSourcesBuildPhase;
			buildActionMask = 2147483647;
			files = (
				84F650D0207D7D020019D1F4 /* Artifact+Extension.swift in Sources */,
				8461B1F7202E31F100733885 /* ProgressViewController.swift in Sources */,
				848FBAB720648F3D00E56D77 /* SCNNode+Extensions.swift in Sources */,
				DD9BA271207DE804008B826E /* OverlayView.swift in Sources */,
				D985EF372036D2B00072B377 /* ProgressCell.swift in Sources */,
				848FBAB520648F3D00E56D77 /* SceneLocationView.swift in Sources */,
				84B1FC96207C297400387E94 /* NWMuseumAR.xcdatamodeld in Sources */,
				848FBAB320648F3D00E56D77 /* CGPoint+Extensions.swift in Sources */,
				848FBAAF20648F3D00E56D77 /* SceneLocationEstimate.swift in Sources */,
				848FBAB420648F3D00E56D77 /* CLLocation+Extensions.swift in Sources */,
				845AA631207DD43C0096D9E3 /* OnboardingCell.swift in Sources */,
				84402601202270B200AF5839 /* AppDelegate.swift in Sources */,
				848FBAB220648F3D00E56D77 /* LocationNode.swift in Sources */,
				848FBAB120648F3D00E56D77 /* FloatingPoint+Radians.swift in Sources */,
				848FBAAE20648F3D00E56D77 /* SCNVector3+Extensions.swift in Sources */,
				848FBAB020648F3D00E56D77 /* SceneLocationEstimate+Extensions.swift in Sources */,
				84E8CFA6206DFACE006B5FCB /* ARSceneViewController.swift in Sources */,
				847A2632207C703300D81192 /* PermissionService.swift in Sources */,
				848FBABA20648F4700E56D77 /* NavigationViewController.swift in Sources */,
				84F650D3207D803D0019D1F4 /* SeedData.swift in Sources */,
				845AA633207DD4600096D9E3 /* OnboardingController.swift in Sources */,
				848FBAB620648F3D00E56D77 /* LocationManager.swift in Sources */,
				84E8CFA8206DFED5006B5FCB /* StatusViewController.swift in Sources */,
				848FBAB820648F3D00E56D77 /* LinkedList.swift in Sources */,
			);
			runOnlyForDeploymentPostprocessing = 0;
		};
/* End PBXSourcesBuildPhase section */

/* Begin PBXVariantGroup section */
		8440260B202270B200AF5839 /* LaunchScreen.storyboard */ = {
			isa = PBXVariantGroup;
			children = (
				8440260C202270B200AF5839 /* Base */,
			);
			name = LaunchScreen.storyboard;
			sourceTree = "<group>";
		};
/* End PBXVariantGroup section */

/* Begin XCBuildConfiguration section */
		8440260F202270B200AF5839 /* Debug */ = {
			isa = XCBuildConfiguration;
			buildSettings = {
				ALWAYS_SEARCH_USER_PATHS = NO;
				CLANG_ANALYZER_NONNULL = YES;
				CLANG_ANALYZER_NUMBER_OBJECT_CONVERSION = YES_AGGRESSIVE;
				CLANG_CXX_LANGUAGE_STANDARD = "gnu++14";
				CLANG_CXX_LIBRARY = "libc++";
				CLANG_ENABLE_MODULES = YES;
				CLANG_ENABLE_OBJC_ARC = YES;
				CLANG_WARN_BLOCK_CAPTURE_AUTORELEASING = YES;
				CLANG_WARN_BOOL_CONVERSION = YES;
				CLANG_WARN_COMMA = YES;
				CLANG_WARN_CONSTANT_CONVERSION = YES;
				CLANG_WARN_DEPRECATED_OBJC_IMPLEMENTATIONS = YES;
				CLANG_WARN_DIRECT_OBJC_ISA_USAGE = YES_ERROR;
				CLANG_WARN_DOCUMENTATION_COMMENTS = YES;
				CLANG_WARN_EMPTY_BODY = YES;
				CLANG_WARN_ENUM_CONVERSION = YES;
				CLANG_WARN_INFINITE_RECURSION = YES;
				CLANG_WARN_INT_CONVERSION = YES;
				CLANG_WARN_NON_LITERAL_NULL_CONVERSION = YES;
				CLANG_WARN_OBJC_IMPLICIT_RETAIN_SELF = YES;
				CLANG_WARN_OBJC_LITERAL_CONVERSION = YES;
				CLANG_WARN_OBJC_ROOT_CLASS = YES_ERROR;
				CLANG_WARN_RANGE_LOOP_ANALYSIS = YES;
				CLANG_WARN_STRICT_PROTOTYPES = YES;
				CLANG_WARN_SUSPICIOUS_MOVE = YES;
				CLANG_WARN_UNGUARDED_AVAILABILITY = YES_AGGRESSIVE;
				CLANG_WARN_UNREACHABLE_CODE = YES;
				CLANG_WARN__DUPLICATE_METHOD_MATCH = YES;
				CODE_SIGN_IDENTITY = "iPhone Developer";
				COPY_PHASE_STRIP = NO;
				DEBUG_INFORMATION_FORMAT = dwarf;
				ENABLE_STRICT_OBJC_MSGSEND = YES;
				ENABLE_TESTABILITY = YES;
				GCC_C_LANGUAGE_STANDARD = gnu11;
				GCC_DYNAMIC_NO_PIC = NO;
				GCC_NO_COMMON_BLOCKS = YES;
				GCC_OPTIMIZATION_LEVEL = 0;
				GCC_PREPROCESSOR_DEFINITIONS = (
					"DEBUG=1",
					"$(inherited)",
				);
				GCC_WARN_64_TO_32_BIT_CONVERSION = YES;
				GCC_WARN_ABOUT_RETURN_TYPE = YES_ERROR;
				GCC_WARN_UNDECLARED_SELECTOR = YES;
				GCC_WARN_UNINITIALIZED_AUTOS = YES_AGGRESSIVE;
				GCC_WARN_UNUSED_FUNCTION = YES;
				GCC_WARN_UNUSED_VARIABLE = YES;
				IPHONEOS_DEPLOYMENT_TARGET = 11.2;
				MTL_ENABLE_DEBUG_INFO = YES;
				ONLY_ACTIVE_ARCH = YES;
				SDKROOT = iphoneos;
				SWIFT_ACTIVE_COMPILATION_CONDITIONS = DEBUG;
				SWIFT_OPTIMIZATION_LEVEL = "-Onone";
			};
			name = Debug;
		};
		84402610202270B200AF5839 /* Release */ = {
			isa = XCBuildConfiguration;
			buildSettings = {
				ALWAYS_SEARCH_USER_PATHS = NO;
				CLANG_ANALYZER_NONNULL = YES;
				CLANG_ANALYZER_NUMBER_OBJECT_CONVERSION = YES_AGGRESSIVE;
				CLANG_CXX_LANGUAGE_STANDARD = "gnu++14";
				CLANG_CXX_LIBRARY = "libc++";
				CLANG_ENABLE_MODULES = YES;
				CLANG_ENABLE_OBJC_ARC = YES;
				CLANG_WARN_BLOCK_CAPTURE_AUTORELEASING = YES;
				CLANG_WARN_BOOL_CONVERSION = YES;
				CLANG_WARN_COMMA = YES;
				CLANG_WARN_CONSTANT_CONVERSION = YES;
				CLANG_WARN_DEPRECATED_OBJC_IMPLEMENTATIONS = YES;
				CLANG_WARN_DIRECT_OBJC_ISA_USAGE = YES_ERROR;
				CLANG_WARN_DOCUMENTATION_COMMENTS = YES;
				CLANG_WARN_EMPTY_BODY = YES;
				CLANG_WARN_ENUM_CONVERSION = YES;
				CLANG_WARN_INFINITE_RECURSION = YES;
				CLANG_WARN_INT_CONVERSION = YES;
				CLANG_WARN_NON_LITERAL_NULL_CONVERSION = YES;
				CLANG_WARN_OBJC_IMPLICIT_RETAIN_SELF = YES;
				CLANG_WARN_OBJC_LITERAL_CONVERSION = YES;
				CLANG_WARN_OBJC_ROOT_CLASS = YES_ERROR;
				CLANG_WARN_RANGE_LOOP_ANALYSIS = YES;
				CLANG_WARN_STRICT_PROTOTYPES = YES;
				CLANG_WARN_SUSPICIOUS_MOVE = YES;
				CLANG_WARN_UNGUARDED_AVAILABILITY = YES_AGGRESSIVE;
				CLANG_WARN_UNREACHABLE_CODE = YES;
				CLANG_WARN__DUPLICATE_METHOD_MATCH = YES;
				CODE_SIGN_IDENTITY = "iPhone Developer";
				COPY_PHASE_STRIP = NO;
				DEBUG_INFORMATION_FORMAT = "dwarf-with-dsym";
				ENABLE_NS_ASSERTIONS = NO;
				ENABLE_STRICT_OBJC_MSGSEND = YES;
				GCC_C_LANGUAGE_STANDARD = gnu11;
				GCC_NO_COMMON_BLOCKS = YES;
				GCC_WARN_64_TO_32_BIT_CONVERSION = YES;
				GCC_WARN_ABOUT_RETURN_TYPE = YES_ERROR;
				GCC_WARN_UNDECLARED_SELECTOR = YES;
				GCC_WARN_UNINITIALIZED_AUTOS = YES_AGGRESSIVE;
				GCC_WARN_UNUSED_FUNCTION = YES;
				GCC_WARN_UNUSED_VARIABLE = YES;
				IPHONEOS_DEPLOYMENT_TARGET = 11.2;
				MTL_ENABLE_DEBUG_INFO = NO;
				SDKROOT = iphoneos;
				SWIFT_OPTIMIZATION_LEVEL = "-Owholemodule";
				VALIDATE_PRODUCT = YES;
			};
			name = Release;
		};
		84402612202270B200AF5839 /* Debug */ = {
			isa = XCBuildConfiguration;
			baseConfigurationReference = BBBE01153F70E483ABFCA655 /* Pods-NWMuseumAR.debug.xcconfig */;
			buildSettings = {
				ASSETCATALOG_COMPILER_APPICON_NAME = AppIcon;
				CODE_SIGN_STYLE = Automatic;
				DEVELOPMENT_TEAM = N6RP3H788Z;
				ENABLE_BITCODE = NO;
				HEADER_SEARCH_PATHS = "\"$(SRCROOT)/NWMuseumAR/Libs/Vuforia/vuforia-sdk-ios-7-0-50/build/include\"";
				INFOPLIST_FILE = NWMuseumAR/Info.plist;
				IPHONEOS_DEPLOYMENT_TARGET = 11.3;
				LD_RUNPATH_SEARCH_PATHS = "$(inherited) @executable_path/Frameworks";
				LIBRARY_SEARCH_PATHS = (
					"$(inherited)",
					"$(PROJECT_DIR)/NWMuseumAR/Libs/Vuforia/vuforia-sdk-ios-7-0-50/build/lib/arm",
				);
				OTHER_LDFLAGS = "";
				PRODUCT_BUNDLE_IDENTIFIER = ca.bcit.comp4977.NWMuseumAR1;
				PRODUCT_NAME = "$(TARGET_NAME)";
				SWIFT_VERSION = 4.0;
				TARGETED_DEVICE_FAMILY = 1;
			};
			name = Debug;
		};
		84402613202270B200AF5839 /* Release */ = {
			isa = XCBuildConfiguration;
			baseConfigurationReference = 4184AB7EBD446A16478DA598 /* Pods-NWMuseumAR.release.xcconfig */;
			buildSettings = {
				ASSETCATALOG_COMPILER_APPICON_NAME = AppIcon;
				CODE_SIGN_STYLE = Automatic;
				DEVELOPMENT_TEAM = N6RP3H788Z;
				ENABLE_BITCODE = NO;
				HEADER_SEARCH_PATHS = "\"$(SRCROOT)/NWMuseumAR/Libs/Vuforia/vuforia-sdk-ios-7-0-50/build/include\"";
				INFOPLIST_FILE = NWMuseumAR/Info.plist;
				IPHONEOS_DEPLOYMENT_TARGET = 11.3;
				LD_RUNPATH_SEARCH_PATHS = "$(inherited) @executable_path/Frameworks";
				LIBRARY_SEARCH_PATHS = (
					"$(inherited)",
					"$(PROJECT_DIR)/NWMuseumAR/Libs/Vuforia/vuforia-sdk-ios-7-0-50/build/lib/arm",
				);
				OTHER_LDFLAGS = "";
				PRODUCT_BUNDLE_IDENTIFIER = ca.bcit.comp4977.NWMuseumAR1;
				PRODUCT_NAME = "$(TARGET_NAME)";
				SWIFT_VERSION = 4.0;
				TARGETED_DEVICE_FAMILY = 1;
			};
			name = Release;
		};
/* End XCBuildConfiguration section */

/* Begin XCConfigurationList section */
		844025F8202270B200AF5839 /* Build configuration list for PBXProject "NWMuseumAR" */ = {
			isa = XCConfigurationList;
			buildConfigurations = (
				8440260F202270B200AF5839 /* Debug */,
				84402610202270B200AF5839 /* Release */,
			);
			defaultConfigurationIsVisible = 0;
			defaultConfigurationName = Release;
		};
		84402611202270B200AF5839 /* Build configuration list for PBXNativeTarget "NWMuseumAR" */ = {
			isa = XCConfigurationList;
			buildConfigurations = (
				84402612202270B200AF5839 /* Debug */,
				84402613202270B200AF5839 /* Release */,
			);
			defaultConfigurationIsVisible = 0;
			defaultConfigurationName = Release;
		};
/* End XCConfigurationList section */

/* Begin XCVersionGroup section */
		84B1FC94207C297400387E94 /* NWMuseumAR.xcdatamodeld */ = {
			isa = XCVersionGroup;
			children = (
				84B1FC95207C297400387E94 /* NWMuseumAR.xcdatamodel */,
			);
			currentVersion = 84B1FC95207C297400387E94 /* NWMuseumAR.xcdatamodel */;
			path = NWMuseumAR.xcdatamodeld;
			sourceTree = "<group>";
			versionGroupType = wrapper.xcdatamodel;
		};
/* End XCVersionGroup section */
	};
	rootObject = 844025F5202270B200AF5839 /* Project object */;
}
